{
  "nodes": {
    "nixpkgs": {
      "locked": {
        "lastModified": 1745868005,
        "narHash": "sha256-hZScOyQphT4RUmSEJX+2OxjIlGgLwSd8iW1LNtAWIOs=",
        "rev": "330d0a4167924b43f31cc9406df363f71b768a02",
        "revCount": 717525,
        "type": "tarball",
        "url": "https://api.flakehub.com/f/pinned/NixOS/nixpkgs/0.2411.717525%2Brev-330d0a4167924b43f31cc9406df363f71b768a02/01968156-0371-7eec-80a6-edb77dc5cf89/source.tar.gz"
      },
      "original": {
        "type": "tarball",
        "url": "https://flakehub.com/f/NixOS/nixpkgs/%2A.tar.gz"
      }
    },
    "nixpkgs-unstable": {
      "locked": {
        "lastModified": 1745870676,
        "narHash": "sha256-IpldIaWrlasZZlKHPxitkrJ1ex4EVphuWYXVDdF5kf4=",
        "owner": "nixos",
        "repo": "nixpkgs",
        "rev": "fdb6c240562c5ad516253419cc6f26819705d3e0",
        "type": "github"
      },
      "original": {
        "owner": "nixos",
        "ref": "nixpkgs-unstable",
        "repo": "nixpkgs",
        "type": "github"
      }
    },
    "root": {
      "inputs": {
        "nixpkgs": "nixpkgs",
        "nixpkgs-unstable": "nixpkgs-unstable"
      }
    }
  },
  "root": "root",
  "version": 7
}
