version = 1
revision = 2
requires-python = ">=3.13"

[[package]]
name = "colorama"
version = "0.4.6"
source = { registry = "https://pypi.org/simple" }
sdist = { url = "https://files.pythonhosted.org/packages/d8/53/6f443c9a4a8358a93a6792e2acffb9d9d5cb0a5cfd8802644b7b1c9a02e4/colorama-0.4.6.tar.gz", hash = "sha256:08695f5cb7ed6e0531a20572697297273c47b8cae5a63ffc6d6ed5c201be6e44", size = 27697, upload_time = "2022-10-25T02:36:22.414Z" }
wheels = [
    { url = "https://files.pythonhosted.org/packages/d1/d6/3965ed04c63042e047cb6a3e6ed1a63a35087b6a609aa3a15ed8ac56c221/colorama-0.4.6-py2.py3-none-any.whl", hash = "sha256:4f1d9991f5acc0ca119f9d443620b77f9d6b33703e51011c16baf57afb285fc6", size = 25335, upload_time = "2022-10-25T02:36:20.889Z" },
]

[[package]]
name = "multiscope-analysis"
version = "0.1.0"
source = { virtual = "." }
dependencies = [
    { name = "numpy" },
    { name = "rtree" },
    { name = "tqdm" },
]

[package.metadata]
requires-dist = [
    { name = "numpy", specifier = ">=2.2.5" },
    { name = "rtree", specifier = ">=1.4.0" },
    { name = "tqdm", specifier = ">=4.67.1" },
]

[[package]]
name = "numpy"
version = "2.2.5"
source = { registry = "https://pypi.org/simple" }
sdist = { url = "https://files.pythonhosted.org/packages/dc/b2/ce4b867d8cd9c0ee84938ae1e6a6f7926ebf928c9090d036fc3c6a04f946/numpy-2.2.5.tar.gz", hash = "sha256:a9c0d994680cd991b1cb772e8b297340085466a6fe964bc9d4e80f5e2f43c291", size = 20273920, upload_time = "2025-04-19T23:27:42.561Z" }
wheels = [
    { url = "https://files.pythonhosted.org/packages/e2/a0/0aa7f0f4509a2e07bd7a509042967c2fab635690d4f48c6c7b3afd4f448c/numpy-2.2.5-cp313-cp313-macosx_10_13_x86_64.whl", hash = "sha256:059b51b658f4414fff78c6d7b1b4e18283ab5fa56d270ff212d5ba0c561846f4", size = 20935102, upload_time = "2025-04-19T22:41:16.234Z" },
    { url = "https://files.pythonhosted.org/packages/7e/e4/a6a9f4537542912ec513185396fce52cdd45bdcf3e9d921ab02a93ca5aa9/numpy-2.2.5-cp313-cp313-macosx_11_0_arm64.whl", hash = "sha256:47f9ed103af0bc63182609044b0490747e03bd20a67e391192dde119bf43d52f", size = 14191709, upload_time = "2025-04-19T22:41:38.472Z" },
    { url = "https://files.pythonhosted.org/packages/be/65/72f3186b6050bbfe9c43cb81f9df59ae63603491d36179cf7a7c8d216758/numpy-2.2.5-cp313-cp313-macosx_14_0_arm64.whl", hash = "sha256:261a1ef047751bb02f29dfe337230b5882b54521ca121fc7f62668133cb119c9", size = 5149173, upload_time = "2025-04-19T22:41:47.823Z" },
    { url = "https://files.pythonhosted.org/packages/e5/e9/83e7a9432378dde5802651307ae5e9ea07bb72b416728202218cd4da2801/numpy-2.2.5-cp313-cp313-macosx_14_0_x86_64.whl", hash = "sha256:4520caa3807c1ceb005d125a75e715567806fed67e315cea619d5ec6e75a4191", size = 6684502, upload_time = "2025-04-19T22:41:58.689Z" },
    { url = "https://files.pythonhosted.org/packages/ea/27/b80da6c762394c8ee516b74c1f686fcd16c8f23b14de57ba0cad7349d1d2/numpy-2.2.5-cp313-cp313-manylinux_2_17_aarch64.manylinux2014_aarch64.whl", hash = "sha256:3d14b17b9be5f9c9301f43d2e2a4886a33b53f4e6fdf9ca2f4cc60aeeee76372", size = 14084417, upload_time = "2025-04-19T22:42:19.897Z" },
    { url = "https://files.pythonhosted.org/packages/aa/fc/ebfd32c3e124e6a1043e19c0ab0769818aa69050ce5589b63d05ff185526/numpy-2.2.5-cp313-cp313-manylinux_2_17_x86_64.manylinux2014_x86_64.whl", hash = "sha256:2ba321813a00e508d5421104464510cc962a6f791aa2fca1c97b1e65027da80d", size = 16133807, upload_time = "2025-04-19T22:42:44.433Z" },
    { url = "https://files.pythonhosted.org/packages/bf/9b/4cc171a0acbe4666f7775cfd21d4eb6bb1d36d3a0431f48a73e9212d2278/numpy-2.2.5-cp313-cp313-musllinux_1_2_aarch64.whl", hash = "sha256:a4cbdef3ddf777423060c6f81b5694bad2dc9675f110c4b2a60dc0181543fac7", size = 15575611, upload_time = "2025-04-19T22:43:09.928Z" },
    { url = "https://files.pythonhosted.org/packages/a3/45/40f4135341850df48f8edcf949cf47b523c404b712774f8855a64c96ef29/numpy-2.2.5-cp313-cp313-musllinux_1_2_x86_64.whl", hash = "sha256:54088a5a147ab71a8e7fdfd8c3601972751ded0739c6b696ad9cb0343e21ab73", size = 17895747, upload_time = "2025-04-19T22:43:36.983Z" },
    { url = "https://files.pythonhosted.org/packages/f8/4c/b32a17a46f0ffbde8cc82df6d3daeaf4f552e346df143e1b188a701a8f09/numpy-2.2.5-cp313-cp313-win32.whl", hash = "sha256:c8b82a55ef86a2d8e81b63da85e55f5537d2157165be1cb2ce7cfa57b6aef38b", size = 6309594, upload_time = "2025-04-19T22:47:10.523Z" },
    { url = "https://files.pythonhosted.org/packages/13/ae/72e6276feb9ef06787365b05915bfdb057d01fceb4a43cb80978e518d79b/numpy-2.2.5-cp313-cp313-win_amd64.whl", hash = "sha256:d8882a829fd779f0f43998e931c466802a77ca1ee0fe25a3abe50278616b1471", size = 12638356, upload_time = "2025-04-19T22:47:30.253Z" },
    { url = "https://files.pythonhosted.org/packages/79/56/be8b85a9f2adb688e7ded6324e20149a03541d2b3297c3ffc1a73f46dedb/numpy-2.2.5-cp313-cp313t-macosx_10_13_x86_64.whl", hash = "sha256:e8b025c351b9f0e8b5436cf28a07fa4ac0204d67b38f01433ac7f9b870fa38c6", size = 20963778, upload_time = "2025-04-19T22:44:09.251Z" },
    { url = "https://files.pythonhosted.org/packages/ff/77/19c5e62d55bff507a18c3cdff82e94fe174957bad25860a991cac719d3ab/numpy-2.2.5-cp313-cp313t-macosx_11_0_arm64.whl", hash = "sha256:8dfa94b6a4374e7851bbb6f35e6ded2120b752b063e6acdd3157e4d2bb922eba", size = 14207279, upload_time = "2025-04-19T22:44:31.383Z" },
    { url = "https://files.pythonhosted.org/packages/75/22/aa11f22dc11ff4ffe4e849d9b63bbe8d4ac6d5fae85ddaa67dfe43be3e76/numpy-2.2.5-cp313-cp313t-macosx_14_0_arm64.whl", hash = "sha256:97c8425d4e26437e65e1d189d22dff4a079b747ff9c2788057bfb8114ce1e133", size = 5199247, upload_time = "2025-04-19T22:44:40.361Z" },
    { url = "https://files.pythonhosted.org/packages/4f/6c/12d5e760fc62c08eded0394f62039f5a9857f758312bf01632a81d841459/numpy-2.2.5-cp313-cp313t-macosx_14_0_x86_64.whl", hash = "sha256:352d330048c055ea6db701130abc48a21bec690a8d38f8284e00fab256dc1376", size = 6711087, upload_time = "2025-04-19T22:44:51.188Z" },
    { url = "https://files.pythonhosted.org/packages/ef/94/ece8280cf4218b2bee5cec9567629e61e51b4be501e5c6840ceb593db945/numpy-2.2.5-cp313-cp313t-manylinux_2_17_aarch64.manylinux2014_aarch64.whl", hash = "sha256:8b4c0773b6ada798f51f0f8e30c054d32304ccc6e9c5d93d46cb26f3d385ab19", size = 14059964, upload_time = "2025-04-19T22:45:12.451Z" },
    { url = "https://files.pythonhosted.org/packages/39/41/c5377dac0514aaeec69115830a39d905b1882819c8e65d97fc60e177e19e/numpy-2.2.5-cp313-cp313t-manylinux_2_17_x86_64.manylinux2014_x86_64.whl", hash = "sha256:55f09e00d4dccd76b179c0f18a44f041e5332fd0e022886ba1c0bbf3ea4a18d0", size = 16121214, upload_time = "2025-04-19T22:45:37.734Z" },
    { url = "https://files.pythonhosted.org/packages/db/54/3b9f89a943257bc8e187145c6bc0eb8e3d615655f7b14e9b490b053e8149/numpy-2.2.5-cp313-cp313t-musllinux_1_2_aarch64.whl", hash = "sha256:02f226baeefa68f7d579e213d0f3493496397d8f1cff5e2b222af274c86a552a", size = 15575788, upload_time = "2025-04-19T22:46:01.908Z" },
    { url = "https://files.pythonhosted.org/packages/b1/c4/2e407e85df35b29f79945751b8f8e671057a13a376497d7fb2151ba0d290/numpy-2.2.5-cp313-cp313t-musllinux_1_2_x86_64.whl", hash = "sha256:c26843fd58f65da9491165072da2cccc372530681de481ef670dcc8e27cfb066", size = 17893672, upload_time = "2025-04-19T22:46:28.585Z" },
    { url = "https://files.pythonhosted.org/packages/29/7e/d0b44e129d038dba453f00d0e29ebd6eaf2f06055d72b95b9947998aca14/numpy-2.2.5-cp313-cp313t-win32.whl", hash = "sha256:1a161c2c79ab30fe4501d5a2bbfe8b162490757cf90b7f05be8b80bc02f7bb8e", size = 6377102, upload_time = "2025-04-19T22:46:39.949Z" },
    { url = "https://files.pythonhosted.org/packages/63/be/b85e4aa4bf42c6502851b971f1c326d583fcc68227385f92089cf50a7b45/numpy-2.2.5-cp313-cp313t-win_amd64.whl", hash = "sha256:d403c84991b5ad291d3809bace5e85f4bbf44a04bdc9a88ed2bb1807b3360bb8", size = 12750096, upload_time = "2025-04-19T22:47:00.147Z" },
]

[[package]]
name = "rtree"
version = "1.4.0"
source = { registry = "https://pypi.org/simple" }
sdist = { url = "https://files.pythonhosted.org/packages/18/b8/0091f020acafcb034daa5b062f0626f6a73c7e0d64826af23861390a9585/rtree-1.4.0.tar.gz", hash = "sha256:9d97c7c5dcf25f6c0599c76d9933368c6a8d7238f2c1d00e76f1a69369ca82a0", size = 50789, upload_time = "2025-03-05T23:31:45.962Z" }
wheels = [
    { url = "https://files.pythonhosted.org/packages/f6/4c/8d54d6dc5ff8ba8ced1fad9378f89f9dd60addcc4cf0e525ee0e67b1769f/rtree-1.4.0-py3-none-macosx_10_9_x86_64.whl", hash = "sha256:4d1bebc418101480aabf41767e772dd2155d3b27b1376cccbd93e4509485e091", size = 482755, upload_time = "2025-03-05T23:31:29.884Z" },
    { url = "https://files.pythonhosted.org/packages/20/29/045e700d2135e9a67896086c831fde80fd4105971b443d5727a4093fcbf1/rtree-1.4.0-py3-none-macosx_11_0_arm64.whl", hash = "sha256:997f8c38d5dffa3949ea8adb4c8b291ea5cd4ef5ee69455d642dd171baf9991d", size = 439796, upload_time = "2025-03-05T23:31:31.517Z" },
    { url = "https://files.pythonhosted.org/packages/3d/fc/c3bd8cd67b10a12a6b9e2d06796779128c3e6968922dbf29fcd53af68d81/rtree-1.4.0-py3-none-manylinux2014_aarch64.manylinux_2_17_aarch64.whl", hash = "sha256:0133d9c54ab3ffe874ba6d411dbe0254765c5e68d92da5b91362c370f16fd997", size = 497549, upload_time = "2025-03-05T23:31:33.722Z" },
    { url = "https://files.pythonhosted.org/packages/a0/dd/49dc9ab037d0cb288ed40f8b7f498f69d44243e4745e241c05d5e457ea8b/rtree-1.4.0-py3-none-manylinux2014_i686.manylinux_2_17_i686.whl", hash = "sha256:d3b7bf1fe6463139377995ebe22a01a7005d134707f43672a3c09305e12f5f43", size = 568787, upload_time = "2025-03-05T23:31:35.478Z" },
    { url = "https://files.pythonhosted.org/packages/fe/e7/57737dff73ce789bdadd916d48ac12e977d8578176e1e890b1b8d89b9dbf/rtree-1.4.0-py3-none-manylinux2014_x86_64.manylinux_2_17_x86_64.whl", hash = "sha256:27e4a6d617d63dcb82fcd4c2856134b8a3741bd1af3b1a0d98e886054f394da5", size = 541090, upload_time = "2025-03-05T23:31:37.712Z" },
    { url = "https://files.pythonhosted.org/packages/8e/8f/1f3f716c4e8388670cfd5d0a3578e2354a1e6a3403648e234e1540e3e3bd/rtree-1.4.0-py3-none-musllinux_1_2_aarch64.whl", hash = "sha256:5258e826064eab82439760201e9421ce6d4340789d6d080c1b49367ddd03f61f", size = 1454194, upload_time = "2025-03-05T23:31:39.851Z" },
    { url = "https://files.pythonhosted.org/packages/22/ec/b42052b10e63a1c5d5d61ce234332f689736053644ba1756f7a632ea7659/rtree-1.4.0-py3-none-musllinux_1_2_i686.whl", hash = "sha256:20d5b3f9cf8bbbcc9fec42ab837c603c5dd86103ef29134300c8da2495c1248b", size = 1692814, upload_time = "2025-03-05T23:31:41.617Z" },
    { url = "https://files.pythonhosted.org/packages/c5/5b/a9920e9a2dc43b066ff13b7fde2e7bffcca315cfa43ae6f4cc15970e39eb/rtree-1.4.0-py3-none-musllinux_1_2_x86_64.whl", hash = "sha256:a67bee1233370a4c72c0969a96d2a1df1ba404ddd9f146849c53ab420eab361b", size = 1554860, upload_time = "2025-03-05T23:31:43.091Z" },
    { url = "https://files.pythonhosted.org/packages/ce/c2/362f2cc36a7a57b47380061c23fc109c7222c1a544ffd24cda289ba19673/rtree-1.4.0-py3-none-win_amd64.whl", hash = "sha256:ba83efc7b7563905b1bfdfc14490c4bfb59e92e5e6156bdeb6ec5df5117252f4", size = 385221, upload_time = "2025-03-05T23:31:44.537Z" },
]

[[package]]
name = "tqdm"
version = "4.67.1"
source = { registry = "https://pypi.org/simple" }
dependencies = [
    { name = "colorama", marker = "sys_platform == 'win32'" },
]
sdist = { url = "https://files.pythonhosted.org/packages/a8/4b/29b4ef32e036bb34e4ab51796dd745cdba7ed47ad142a9f4a1eb8e0c744d/tqdm-4.67.1.tar.gz", hash = "sha256:f8aef9c52c08c13a65f30ea34f4e5aac3fd1a34959879d7e59e63027286627f2", size = 169737, upload_time = "2024-11-24T20:12:22.481Z" }
wheels = [
    { url = "https://files.pythonhosted.org/packages/d0/30/dc54f88dd4a2b5dc8a0279bdd7270e735851848b762aeb1c1184ed1f6b14/tqdm-4.67.1-py3-none-any.whl", hash = "sha256:26445eca388f82e72884e0d580d5464cd801a3ea01e63e5601bdff9ba6a48de2", size = 78540, upload_time = "2024-11-24T20:12:19.698Z" },
]
